// !$*UTF8*$!
{
	archiveVersion = 1;
	classes = {
	};
	objectVersion = 55;
	objects = {

/* Begin PBXBuildFile section */
		29DB2A1D27CB9B5E00240C1F /* AppDelegate.swift in Sources */ = {isa = PBXBuildFile; fileRef = 29DB2A1C27CB9B5E00240C1F /* AppDelegate.swift */; };
		29DB2A1F27CB9B5E00240C1F /* SceneDelegate.swift in Sources */ = {isa = PBXBuildFile; fileRef = 29DB2A1E27CB9B5E00240C1F /* SceneDelegate.swift */; };
		29DB2A2127CB9B5E00240C1F /* ViewController.swift in Sources */ = {isa = PBXBuildFile; fileRef = 29DB2A2027CB9B5E00240C1F /* ViewController.swift */; };
		29DB2A2427CB9B5E00240C1F /* Main.storyboard in Resources */ = {isa = PBXBuildFile; fileRef = 29DB2A2227CB9B5E00240C1F /* Main.storyboard */; };
		29DB2A2627CB9B6000240C1F /* Assets.xcassets in Resources */ = {isa = PBXBuildFile; fileRef = 29DB2A2527CB9B6000240C1F /* Assets.xcassets */; };
		29DB2A2927CB9B6000240C1F /* LaunchScreen.storyboard in Resources */ = {isa = PBXBuildFile; fileRef = 29DB2A2727CB9B6000240C1F /* LaunchScreen.storyboard */; };
		29DB2A3427CB9B6100240C1F /* mySheduleDzTests.swift in Sources */ = {isa = PBXBuildFile; fileRef = 29DB2A3327CB9B6100240C1F /* mySheduleDzTests.swift */; };
		29DB2A3E27CB9B6100240C1F /* mySheduleDzUITests.swift in Sources */ = {isa = PBXBuildFile; fileRef = 29DB2A3D27CB9B6100240C1F /* mySheduleDzUITests.swift */; };
		29DB2A4027CB9B6100240C1F /* mySheduleDzUITestsLaunchTests.swift in Sources */ = {isa = PBXBuildFile; fileRef = 29DB2A3F27CB9B6100240C1F /* mySheduleDzUITestsLaunchTests.swift */; };
/* End PBXBuildFile section */

/* Begin PBXContainerItemProxy section */
		29DB2A3027CB9B6100240C1F /* PBXContainerItemProxy */ = {
			isa = PBXContainerItemProxy;
			containerPortal = 29DB2A1127CB9B5E00240C1F /* Project object */;
			proxyType = 1;
			remoteGlobalIDString = 29DB2A1827CB9B5E00240C1F;
			remoteInfo = mySheduleDz;
		};
		29DB2A3A27CB9B6100240C1F /* PBXContainerItemProxy */ = {
			isa = PBXContainerItemProxy;
			containerPortal = 29DB2A1127CB9B5E00240C1F /* Project object */;
			proxyType = 1;
			remoteGlobalIDString = 29DB2A1827CB9B5E00240C1F;
			remoteInfo = mySheduleDz;
		};
/* End PBXContainerItemProxy section */

/* Begin PBXFileReference section */
		29DB2A1927CB9B5E00240C1F /* mySheduleDz.app */ = {isa = PBXFileReference; explicitFileType = wrapper.application; includeInIndex = 0; path = mySheduleDz.app; sourceTree = BUILT_PRODUCTS_DIR; };
		29DB2A1C27CB9B5E00240C1F /* AppDelegate.swift */ = {isa = PBXFileReference; lastKnownFileType = sourcecode.swift; path = AppDelegate.swift; sourceTree = "<group>"; };
		29DB2A1E27CB9B5E00240C1F /* SceneDelegate.swift */ = {isa = PBXFileReference; lastKnownFileType = sourcecode.swift; path = SceneDelegate.swift; sourceTree = "<group>"; };
		29DB2A2027CB9B5E00240C1F /* ViewController.swift */ = {isa = PBXFileReference; lastKnownFileType = sourcecode.swift; path = ViewController.swift; sourceTree = "<group>"; };
		29DB2A2327CB9B5E00240C1F /* Base */ = {isa = PBXFileReference; lastKnownFileType = file.storyboard; name = Base; path = Base.lproj/Main.storyboard; sourceTree = "<group>"; };
		29DB2A2527CB9B6000240C1F /* Assets.xcassets */ = {isa = PBXFileReference; lastKnownFileType = folder.assetcatalog; path = Assets.xcassets; sourceTree = "<group>"; };
		29DB2A2827CB9B6000240C1F /* Base */ = {isa = PBXFileReference; lastKnownFileType = file.storyboard; name = Base; path = Base.lproj/LaunchScreen.storyboard; sourceTree = "<group>"; };
		29DB2A2A27CB9B6000240C1F /* Info.plist */ = {isa = PBXFileReference; lastKnownFileType = text.plist.xml; path = Info.plist; sourceTree = "<group>"; };
		29DB2A2F27CB9B6100240C1F /* mySheduleDzTests.xctest */ = {isa = PBXFileReference; explicitFileType = wrapper.cfbundle; includeInIndex = 0; path = mySheduleDzTests.xctest; sourceTree = BUILT_PRODUCTS_DIR; };
		29DB2A3327CB9B6100240C1F /* mySheduleDzTests.swift */ = {isa = PBXFileReference; lastKnownFileType = sourcecode.swift; path = mySheduleDzTests.swift; sourceTree = "<group>"; };
		29DB2A3927CB9B6100240C1F /* mySheduleDzUITests.xctest */ = {isa = PBXFileReference; explicitFileType = wrapper.cfbundle; includeInIndex = 0; path = mySheduleDzUITests.xctest; sourceTree = BUILT_PRODUCTS_DIR; };
		29DB2A3D27CB9B6100240C1F /* mySheduleDzUITests.swift */ = {isa = PBXFileReference; lastKnownFileType = sourcecode.swift; path = mySheduleDzUITests.swift; sourceTree = "<group>"; };
		29DB2A3F27CB9B6100240C1F /* mySheduleDzUITestsLaunchTests.swift */ = {isa = PBXFileReference; lastKnownFileType = sourcecode.swift; path = mySheduleDzUITestsLaunchTests.swift; sourceTree = "<group>"; };
/* End PBXFileReference section */

/* Begin PBXFrameworksBuildPhase section */
		29DB2A1627CB9B5E00240C1F /* Frameworks */ = {
			isa = PBXFrameworksBuildPhase;
			buildActionMask = 2147483647;
			files = (
			);
			runOnlyForDeploymentPostprocessing = 0;
		};
		29DB2A2C27CB9B6100240C1F /* Frameworks */ = {
			isa = PBXFrameworksBuildPhase;
			buildActionMask = 2147483647;
			files = (
			);
			runOnlyForDeploymentPostprocessing = 0;
		};
		29DB2A3627CB9B6100240C1F /* Frameworks */ = {
			isa = PBXFrameworksBuildPhase;
			buildActionMask = 2147483647;
			files = (
			);
			runOnlyForDeploymentPostprocessing = 0;
		};
/* End PBXFrameworksBuildPhase section */

/* Begin PBXGroup section */
		29DB2A1027CB9B5E00240C1F = {
			isa = PBXGroup;
			children = (
				29DB2A1B27CB9B5E00240C1F /* mySheduleDz */,
				29DB2A3227CB9B6100240C1F /* mySheduleDzTests */,
				29DB2A3C27CB9B6100240C1F /* mySheduleDzUITests */,
				29DB2A1A27CB9B5E00240C1F /* Products */,
			);
			sourceTree = "<group>";
		};
		29DB2A1A27CB9B5E00240C1F /* Products */ = {
			isa = PBXGroup;
			children = (
				29DB2A1927CB9B5E00240C1F /* mySheduleDz.app */,
				29DB2A2F27CB9B6100240C1F /* mySheduleDzTests.xctest */,
				29DB2A3927CB9B6100240C1F /* mySheduleDzUITests.xctest */,
			);
			name = Products;
			sourceTree = "<group>";
		};
		29DB2A1B27CB9B5E00240C1F /* mySheduleDz */ = {
			isa = PBXGroup;
			children = (
				29DB2A1C27CB9B5E00240C1F /* AppDelegate.swift */,
				29DB2A1E27CB9B5E00240C1F /* SceneDelegate.swift */,
				29DB2A2027CB9B5E00240C1F /* ViewController.swift */,
				29DB2A2227CB9B5E00240C1F /* Main.storyboard */,
				29DB2A2527CB9B6000240C1F /* Assets.xcassets */,
				29DB2A2727CB9B6000240C1F /* LaunchScreen.storyboard */,
				29DB2A2A27CB9B6000240C1F /* Info.plist */,
			);
			path = mySheduleDz;
			sourceTree = "<group>";
		};
		29DB2A3227CB9B6100240C1F /* mySheduleDzTests */ = {
			isa = PBXGroup;
			children = (
				29DB2A3327CB9B6100240C1F /* mySheduleDzTests.swift */,
			);
			path = mySheduleDzTests;
			sourceTree = "<group>";
		};
		29DB2A3C27CB9B6100240C1F /* mySheduleDzUITests */ = {
			isa = PBXGroup;
			children = (
				29DB2A3D27CB9B6100240C1F /* mySheduleDzUITests.swift */,
				29DB2A3F27CB9B6100240C1F /* mySheduleDzUITestsLaunchTests.swift */,
			);
			path = mySheduleDzUITests;
			sourceTree = "<group>";
		};
/* End PBXGroup section */

/* Begin PBXNativeTarget section */
		29DB2A1827CB9B5E00240C1F /* mySheduleDz */ = {
			isa = PBXNativeTarget;
			buildConfigurationList = 29DB2A4327CB9B6100240C1F /* Build configuration list for PBXNativeTarget "mySheduleDz" */;
			buildPhases = (
				29DB2A1527CB9B5E00240C1F /* Sources */,
				29DB2A1627CB9B5E00240C1F /* Frameworks */,
				29DB2A1727CB9B5E00240C1F /* Resources */,
			);
			buildRules = (
			);
			dependencies = (
			);
			name = mySheduleDz;
			productName = mySheduleDz;
			productReference = 29DB2A1927CB9B5E00240C1F /* mySheduleDz.app */;
			productType = "com.apple.product-type.application";
		};
		29DB2A2E27CB9B6100240C1F /* mySheduleDzTests */ = {
			isa = PBXNativeTarget;
			buildConfigurationList = 29DB2A4627CB9B6100240C1F /* Build configuration list for PBXNativeTarget "mySheduleDzTests" */;
			buildPhases = (
				29DB2A2B27CB9B6100240C1F /* Sources */,
				29DB2A2C27CB9B6100240C1F /* Frameworks */,
				29DB2A2D27CB9B6100240C1F /* Resources */,
			);
			buildRules = (
			);
			dependencies = (
				29DB2A3127CB9B6100240C1F /* PBXTargetDependency */,
			);
			name = mySheduleDzTests;
			productName = mySheduleDzTests;
			productReference = 29DB2A2F27CB9B6100240C1F /* mySheduleDzTests.xctest */;
			productType = "com.apple.product-type.bundle.unit-test";
		};
		29DB2A3827CB9B6100240C1F /* mySheduleDzUITests */ = {
			isa = PBXNativeTarget;
			buildConfigurationList = 29DB2A4927CB9B6100240C1F /* Build configuration list for PBXNativeTarget "mySheduleDzUITests" */;
			buildPhases = (
				29DB2A3527CB9B6100240C1F /* Sources */,
				29DB2A3627CB9B6100240C1F /* Frameworks */,
				29DB2A3727CB9B6100240C1F /* Resources */,
			);
			buildRules = (
			);
			dependencies = (
				29DB2A3B27CB9B6100240C1F /* PBXTargetDependency */,
			);
			name = mySheduleDzUITests;
			productName = mySheduleDzUITests;
			productReference = 29DB2A3927CB9B6100240C1F /* mySheduleDzUITests.xctest */;
			productType = "com.apple.product-type.bundle.ui-testing";
		};
/* End PBXNativeTarget section */

/* Begin PBXProject section */
		29DB2A1127CB9B5E00240C1F /* Project object */ = {
			isa = PBXProject;
			attributes = {
				BuildIndependentTargetsInParallel = 1;
				LastSwiftUpdateCheck = 1320;
				LastUpgradeCheck = 1320;
				TargetAttributes = {
					29DB2A1827CB9B5E00240C1F = {
						CreatedOnToolsVersion = 13.2.1;
					};
					29DB2A2E27CB9B6100240C1F = {
						CreatedOnToolsVersion = 13.2.1;
						TestTargetID = 29DB2A1827CB9B5E00240C1F;
					};
					29DB2A3827CB9B6100240C1F = {
						CreatedOnToolsVersion = 13.2.1;
						TestTargetID = 29DB2A1827CB9B5E00240C1F;
					};
				};
			};
			buildConfigurationList = 29DB2A1427CB9B5E00240C1F /* Build configuration list for PBXProject "mySheduleDz" */;
			compatibilityVersion = "Xcode 13.0";
			developmentRegion = en;
			hasScannedForEncodings = 0;
			knownRegions = (
				en,
				Base,
			);
			mainGroup = 29DB2A1027CB9B5E00240C1F;
			productRefGroup = 29DB2A1A27CB9B5E00240C1F /* Products */;
			projectDirPath = "";
			projectRoot = "";
			targets = (
				29DB2A1827CB9B5E00240C1F /* mySheduleDz */,
				29DB2A2E27CB9B6100240C1F /* mySheduleDzTests */,
				29DB2A3827CB9B6100240C1F /* mySheduleDzUITests */,
			);
		};
/* End PBXProject section */

/* Begin PBXResourcesBuildPhase section */
		29DB2A1727CB9B5E00240C1F /* Resources */ = {
			isa = PBXResourcesBuildPhase;
			buildActionMask = 2147483647;
			files = (
				29DB2A2927CB9B6000240C1F /* LaunchScreen.storyboard in Resources */,
				29DB2A2627CB9B6000240C1F /* Assets.xcassets in Resources */,
				29DB2A2427CB9B5E00240C1F /* Main.storyboard in Resources */,
			);
			runOnlyForDeploymentPostprocessing = 0;
		};
		29DB2A2D27CB9B6100240C1F /* Resources */ = {
			isa = PBXResourcesBuildPhase;
			buildActionMask = 2147483647;
			files = (
			);
			runOnlyForDeploymentPostprocessing = 0;
		};
		29DB2A3727CB9B6100240C1F /* Resources */ = {
			isa = PBXResourcesBuildPhase;
			buildActionMask = 2147483647;
			files = (
			);
			runOnlyForDeploymentPostprocessing = 0;
		};
/* End PBXResourcesBuildPhase section */

/* Begin PBXSourcesBuildPhase section */
		29DB2A1527CB9B5E00240C1F /* Sources */ = {
			isa = PBXSourcesBuildPhase;
			buildActionMask = 2147483647;
			files = (
				29DB2A2127CB9B5E00240C1F /* ViewController.swift in Sources */,
				29DB2A1D27CB9B5E00240C1F /* AppDelegate.swift in Sources */,
				29DB2A1F27CB9B5E00240C1F /* SceneDelegate.swift in Sources */,
			);
			runOnlyForDeploymentPostprocessing = 0;
		};
		29DB2A2B27CB9B6100240C1F /* Sources */ = {
			isa = PBXSourcesBuildPhase;
			buildActionMask = 2147483647;
			files = (
				29DB2A3427CB9B6100240C1F /* mySheduleDzTests.swift in Sources */,
			);
			runOnlyForDeploymentPostprocessing = 0;
		};
		29DB2A3527CB9B6100240C1F /* Sources */ = {
			isa = PBXSourcesBuildPhase;
			buildActionMask = 2147483647;
			files = (
				29DB2A3E27CB9B6100240C1F /* mySheduleDzUITests.swift in Sources */,
				29DB2A4027CB9B6100240C1F /* mySheduleDzUITestsLaunchTests.swift in Sources */,
			);
			runOnlyForDeploymentPostprocessing = 0;
		};
/* End PBXSourcesBuildPhase section */

/* Begin PBXTargetDependency section */
		29DB2A3127CB9B6100240C1F /* PBXTargetDependency */ = {
			isa = PBXTargetDependency;
			target = 29DB2A1827CB9B5E00240C1F /* mySheduleDz */;
			targetProxy = 29DB2A3027CB9B6100240C1F /* PBXContainerItemProxy */;
		};
		29DB2A3B27CB9B6100240C1F /* PBXTargetDependency */ = {
			isa = PBXTargetDependency;
			target = 29DB2A1827CB9B5E00240C1F /* mySheduleDz */;
			targetProxy = 29DB2A3A27CB9B6100240C1F /* PBXContainerItemProxy */;
		};
/* End PBXTargetDependency section */

/* Begin PBXVariantGroup section */
		29DB2A2227CB9B5E00240C1F /* Main.storyboard */ = {
			isa = PBXVariantGroup;
			children = (
				29DB2A2327CB9B5E00240C1F /* Base */,
			);
			name = Main.storyboard;
			sourceTree = "<group>";
		};
		29DB2A2727CB9B6000240C1F /* LaunchScreen.storyboard */ = {
			isa = PBXVariantGroup;
			children = (
				29DB2A2827CB9B6000240C1F /* Base */,
			);
			name = LaunchScreen.storyboard;
			sourceTree = "<group>";
		};
/* End PBXVariantGroup section */

/* Begin XCBuildConfiguration section */
		29DB2A4127CB9B6100240C1F /* Debug */ = {
			isa = XCBuildConfiguration;
			buildSettings = {
				ALWAYS_SEARCH_USER_PATHS = NO;
				CLANG_ANALYZER_NONNULL = YES;
				CLANG_ANALYZER_NUMBER_OBJECT_CONVERSION = YES_AGGRESSIVE;
				CLANG_CXX_LANGUAGE_STANDARD = "gnu++17";
				CLANG_CXX_LIBRARY = "libc++";
				CLANG_ENABLE_MODULES = YES;
				CLANG_ENABLE_OBJC_ARC = YES;
				CLANG_ENABLE_OBJC_WEAK = YES;
				CLANG_WARN_BLOCK_CAPTURE_AUTORELEASING = YES;
				CLANG_WARN_BOOL_CONVERSION = YES;
				CLANG_WARN_COMMA = YES;
				CLANG_WARN_CONSTANT_CONVERSION = YES;
				CLANG_WARN_DEPRECATED_OBJC_IMPLEMENTATIONS = YES;
				CLANG_WARN_DIRECT_OBJC_ISA_USAGE = YES_ERROR;
				CLANG_WARN_DOCUMENTATION_COMMENTS = YES;
				CLANG_WARN_EMPTY_BODY = YES;
				CLANG_WARN_ENUM_CONVERSION = YES;
				CLANG_WARN_INFINITE_RECURSION = YES;
				CLANG_WARN_INT_CONVERSION = YES;
				CLANG_WARN_NON_LITERAL_NULL_CONVERSION = YES;
				CLANG_WARN_OBJC_IMPLICIT_RETAIN_SELF = YES;
				CLANG_WARN_OBJC_LITERAL_CONVERSION = YES;
				CLANG_WARN_OBJC_ROOT_CLASS = YES_ERROR;
				CLANG_WARN_QUOTED_INCLUDE_IN_FRAMEWORK_HEADER = YES;
				CLANG_WARN_RANGE_LOOP_ANALYSIS = YES;
				CLANG_WARN_STRICT_PROTOTYPES = YES;
				CLANG_WARN_SUSPICIOUS_MOVE = YES;
				CLANG_WARN_UNGUARDED_AVAILABILITY = YES_AGGRESSIVE;
				CLANG_WARN_UNREACHABLE_CODE = YES;
				CLANG_WARN__DUPLICATE_METHOD_MATCH = YES;
				COPY_PHASE_STRIP = NO;
				DEBUG_INFORMATION_FORMAT = dwarf;
				ENABLE_STRICT_OBJC_MSGSEND = YES;
				ENABLE_TESTABILITY = YES;
				GCC_C_LANGUAGE_STANDARD = gnu11;
				GCC_DYNAMIC_NO_PIC = NO;
				GCC_NO_COMMON_BLOCKS = YES;
				GCC_OPTIMIZATION_LEVEL = 0;
				GCC_PREPROCESSOR_DEFINITIONS = (
					"DEBUG=1",
					"$(inherited)",
				);
				GCC_WARN_64_TO_32_BIT_CONVERSION = YES;
				GCC_WARN_ABOUT_RETURN_TYPE = YES_ERROR;
				GCC_WARN_UNDECLARED_SELECTOR = YES;
				GCC_WARN_UNINITIALIZED_AUTOS = YES_AGGRESSIVE;
				GCC_WARN_UNUSED_FUNCTION = YES;
				GCC_WARN_UNUSED_VARIABLE = YES;
				IPHONEOS_DEPLOYMENT_TARGET = 15.2;
				MTL_ENABLE_DEBUG_INFO = INCLUDE_SOURCE;
				MTL_FAST_MATH = YES;
				ONLY_ACTIVE_ARCH = YES;
				SDKROOT = iphoneos;
				SWIFT_ACTIVE_COMPILATION_CONDITIONS = DEBUG;
				SWIFT_OPTIMIZATION_LEVEL = "-Onone";
			};
			name = Debug;
		};
		29DB2A4227CB9B6100240C1F /* Release */ = {
			isa = XCBuildConfiguration;
			buildSettings = {
				ALWAYS_SEARCH_USER_PATHS = NO;
				CLANG_ANALYZER_NONNULL = YES;
				CLANG_ANALYZER_NUMBER_OBJECT_CONVERSION = YES_AGGRESSIVE;
				CLANG_CXX_LANGUAGE_STANDARD = "gnu++17";
				CLANG_CXX_LIBRARY = "libc++";
				CLANG_ENABLE_MODULES = YES;
				CLANG_ENABLE_OBJC_ARC = YES;
				CLANG_ENABLE_OBJC_WEAK = YES;
				CLANG_WARN_BLOCK_CAPTURE_AUTORELEASING = YES;
				CLANG_WARN_BOOL_CONVERSION = YES;
				CLANG_WARN_COMMA = YES;
				CLANG_WARN_CONSTANT_CONVERSION = YES;
				CLANG_WARN_DEPRECATED_OBJC_IMPLEMENTATIONS = YES;
				CLANG_WARN_DIRECT_OBJC_ISA_USAGE = YES_ERROR;
				CLANG_WARN_DOCUMENTATION_COMMENTS = YES;
				CLANG_WARN_EMPTY_BODY = YES;
				CLANG_WARN_ENUM_CONVERSION = YES;
				CLANG_WARN_INFINITE_RECURSION = YES;
				CLANG_WARN_INT_CONVERSION = YES;
				CLANG_WARN_NON_LITERAL_NULL_CONVERSION = YES;
				CLANG_WARN_OBJC_IMPLICIT_RETAIN_SELF = YES;
				CLANG_WARN_OBJC_LITERAL_CONVERSION = YES;
				CLANG_WARN_OBJC_ROOT_CLASS = YES_ERROR;
				CLANG_WARN_QUOTED_INCLUDE_IN_FRAMEWORK_HEADER = YES;
				CLANG_WARN_RANGE_LOOP_ANALYSIS = YES;
				CLANG_WARN_STRICT_PROTOTYPES = YES;
				CLANG_WARN_SUSPICIOUS_MOVE = YES;
				CLANG_WARN_UNGUARDED_AVAILABILITY = YES_AGGRESSIVE;
				CLANG_WARN_UNREACHABLE_CODE = YES;
				CLANG_WARN__DUPLICATE_METHOD_MATCH = YES;
				COPY_PHASE_STRIP = NO;
				DEBUG_INFORMATION_FORMAT = "dwarf-with-dsym";
				ENABLE_NS_ASSERTIONS = NO;
				ENABLE_STRICT_OBJC_MSGSEND = YES;
				GCC_C_LANGUAGE_STANDARD = gnu11;
				GCC_NO_COMMON_BLOCKS = YES;
				GCC_WARN_64_TO_32_BIT_CONVERSION = YES;
				GCC_WARN_ABOUT_RETURN_TYPE = YES_ERROR;
				GCC_WARN_UNDECLARED_SELECTOR = YES;
				GCC_WARN_UNINITIALIZED_AUTOS = YES_AGGRESSIVE;
				GCC_WARN_UNUSED_FUNCTION = YES;
				GCC_WARN_UNUSED_VARIABLE = YES;
				IPHONEOS_DEPLOYMENT_TARGET = 15.2;
				MTL_ENABLE_DEBUG_INFO = NO;
				MTL_FAST_MATH = YES;
				SDKROOT = iphoneos;
				SWIFT_COMPILATION_MODE = wholemodule;
				SWIFT_OPTIMIZATION_LEVEL = "-O";
				VALIDATE_PRODUCT = YES;
			};
			name = Release;
		};
		29DB2A4427CB9B6100240C1F /* Debug */ = {
			isa = XCBuildConfiguration;
			buildSettings = {
				ASSETCATALOG_COMPILER_APPICON_NAME = AppIcon;
				ASSETCATALOG_COMPILER_GLOBAL_ACCENT_COLOR_NAME = AccentColor;
				CODE_SIGN_STYLE = Automatic;
				CURRENT_PROJECT_VERSION = 1;
				DEVELOPMENT_TEAM = NW3TBUJXAX;
				GENERATE_INFOPLIST_FILE = YES;
				INFOPLIST_FILE = mySheduleDz/Info.plist;
				INFOPLIST_KEY_UIApplicationSupportsIndirectInputEvents = YES;
				INFOPLIST_KEY_UILaunchStoryboardName = LaunchScreen;
				INFOPLIST_KEY_UIMainStoryboardFile = Main;
				INFOPLIST_KEY_UISupportedInterfaceOrientations_iPad = "UIInterfaceOrientationPortrait UIInterfaceOrientationPortraitUpsideDown UIInterfaceOrientationLandscapeLeft UIInterfaceOrientationLandscapeRight";
				INFOPLIST_KEY_UISupportedInterfaceOrientations_iPhone = "UIInterfaceOrientationPortrait UIInterfaceOrientationLandscapeLeft UIInterfaceOrientationLandscapeRight";
				LD_RUNPATH_SEARCH_PATHS = (
					"$(inherited)",
					"@executable_path/Frameworks",
				);
				MARKETING_VERSION = 1.0;
				PRODUCT_BUNDLE_IDENTIFIER = valeriy.mySheduleDz;
				PRODUCT_NAME = "$(TARGET_NAME)";
				SWIFT_EMIT_LOC_STRINGS = YES;
				SWIFT_VERSION = 5.0;
				TARGETED_DEVICE_FAMILY = "1,2";
			};
			name = Debug;
		};
		29DB2A4527CB9B6100240C1F /* Release */ = {
			isa = XCBuildConfiguration;
			buildSettings = {
				ASSETCATALOG_COMPILER_APPICON_NAME = AppIcon;
				ASSETCATALOG_COMPILER_GLOBAL_ACCENT_COLOR_NAME = AccentColor;
				CODE_SIGN_STYLE = Automatic;
				CURRENT_PROJECT_VERSION = 1;
				DEVELOPMENT_TEAM = NW3TBUJXAX;
				GENERATE_INFOPLIST_FILE = YES;
				INFOPLIST_FILE = mySheduleDz/Info.plist;
				INFOPLIST_KEY_UIApplicationSupportsIndirectInputEvents = YES;
				INFOPLIST_KEY_UILaunchStoryboardName = LaunchScreen;
				INFOPLIST_KEY_UIMainStoryboardFile = Main;
				INFOPLIST_KEY_UISupportedInterfaceOrientations_iPad = "UIInterfaceOrientationPortrait UIInterfaceOrientationPortraitUpsideDown UIInterfaceOrientationLandscapeLeft UIInterfaceOrientationLandscapeRight";
				INFOPLIST_KEY_UISupportedInterfaceOrientations_iPhone = "UIInterfaceOrientationPortrait UIInterfaceOrientationLandscapeLeft UIInterfaceOrientationLandscapeRight";
				LD_RUNPATH_SEARCH_PATHS = (
					"$(inherited)",
					"@executable_path/Frameworks",
				);
				MARKETING_VERSION = 1.0;
				PRODUCT_BUNDLE_IDENTIFIER = valeriy.mySheduleDz;
				PRODUCT_NAME = "$(TARGET_NAME)";
				SWIFT_EMIT_LOC_STRINGS = YES;
				SWIFT_VERSION = 5.0;
				TARGETED_DEVICE_FAMILY = "1,2";
			};
			name = Release;
		};
		29DB2A4727CB9B6100240C1F /* Debug */ = {
			isa = XCBuildConfiguration;
			buildSettings = {
				ALWAYS_EMBED_SWIFT_STANDARD_LIBRARIES = YES;
				BUNDLE_LOADER = "$(TEST_HOST)";
				CODE_SIGN_STYLE = Automatic;
				CURRENT_PROJECT_VERSION = 1;
				DEVELOPMENT_TEAM = NW3TBUJXAX;
				GENERATE_INFOPLIST_FILE = YES;
				IPHONEOS_DEPLOYMENT_TARGET = 15.2;
				MARKETING_VERSION = 1.0;
				PRODUCT_BUNDLE_IDENTIFIER = valeriy.mySheduleDzTests;
				PRODUCT_NAME = "$(TARGET_NAME)";
				SWIFT_EMIT_LOC_STRINGS = NO;
				SWIFT_VERSION = 5.0;
				TARGETED_DEVICE_FAMILY = "1,2";
				TEST_HOST = "$(BUILT_PRODUCTS_DIR)/mySheduleDz.app/mySheduleDz";
			};
			name = Debug;
		};
		29DB2A4827CB9B6100240C1F /* Release */ = {
			isa = XCBuildConfiguration;
			buildSettings = {
				ALWAYS_EMBED_SWIFT_STANDARD_LIBRARIES = YES;
				BUNDLE_LOADER = "$(TEST_HOST)";
				CODE_SIGN_STYLE = Automatic;
				CURRENT_PROJECT_VERSION = 1;
				DEVELOPMENT_TEAM = NW3TBUJXAX;
				GENERATE_INFOPLIST_FILE = YES;
				IPHONEOS_DEPLOYMENT_TARGET = 15.2;
				MARKETING_VERSION = 1.0;
				PRODUCT_BUNDLE_IDENTIFIER = valeriy.mySheduleDzTests;
				PRODUCT_NAME = "$(TARGET_NAME)";
				SWIFT_EMIT_LOC_STRINGS = NO;
				SWIFT_VERSION = 5.0;
				TARGETED_DEVICE_FAMILY = "1,2";
				TEST_HOST = "$(BUILT_PRODUCTS_DIR)/mySheduleDz.app/mySheduleDz";
			};
			name = Release;
		};
		29DB2A4A27CB9B6100240C1F /* Debug */ = {
			isa = XCBuildConfiguration;
			buildSettings = {
				ALWAYS_EMBED_SWIFT_STANDARD_LIBRARIES = YES;
				CODE_SIGN_STYLE = Automatic;
				CURRENT_PROJECT_VERSION = 1;
				DEVELOPMENT_TEAM = NW3TBUJXAX;
				GENERATE_INFOPLIST_FILE = YES;
				MARKETING_VERSION = 1.0;
				PRODUCT_BUNDLE_IDENTIFIER = valeriy.mySheduleDzUITests;
				PRODUCT_NAME = "$(TARGET_NAME)";
				SWIFT_EMIT_LOC_STRINGS = NO;
				SWIFT_VERSION = 5.0;
				TARGETED_DEVICE_FAMILY = "1,2";
				TEST_TARGET_NAME = mySheduleDz;
			};
			name = Debug;
		};
		29DB2A4B27CB9B6100240C1F /* Release */ = {
			isa = XCBuildConfiguration;
			buildSettings = {
				ALWAYS_EMBED_SWIFT_STANDARD_LIBRARIES = YES;
				CODE_SIGN_STYLE = Automatic;
				CURRENT_PROJECT_VERSION = 1;
				DEVELOPMENT_TEAM = NW3TBUJXAX;
				GENERATE_INFOPLIST_FILE = YES;
				MARKETING_VERSION = 1.0;
				PRODUCT_BUNDLE_IDENTIFIER = valeriy.mySheduleDzUITests;
				PRODUCT_NAME = "$(TARGET_NAME)";
				SWIFT_EMIT_LOC_STRINGS = NO;
				SWIFT_VERSION = 5.0;
				TARGETED_DEVICE_FAMILY = "1,2";
				TEST_TARGET_NAME = mySheduleDz;
			};
			name = Release;
		};
/* End XCBuildConfiguration section */

/* Begin XCConfigurationList section */
		29DB2A1427CB9B5E00240C1F /* Build configuration list for PBXProject "mySheduleDz" */ = {
			isa = XCConfigurationList;
			buildConfigurations = (
				29DB2A4127CB9B6100240C1F /* Debug */,
				29DB2A4227CB9B6100240C1F /* Release */,
			);
			defaultConfigurationIsVisible = 0;
			defaultConfigurationName = Release;
		};
		29DB2A4327CB9B6100240C1F /* Build configuration list for PBXNativeTarget "mySheduleDz" */ = {
			isa = XCConfigurationList;
			buildConfigurations = (
				29DB2A4427CB9B6100240C1F /* Debug */,
				29DB2A4527CB9B6100240C1F /* Release */,
			);
			defaultConfigurationIsVisible = 0;
			defaultConfigurationName = Release;
		};
		29DB2A4627CB9B6100240C1F /* Build configuration list for PBXNativeTarget "mySheduleDzTests" */ = {
			isa = XCConfigurationList;
			buildConfigurations = (
				29DB2A4727CB9B6100240C1F /* Debug */,
				29DB2A4827CB9B6100240C1F /* Release */,
			);
			defaultConfigurationIsVisible = 0;
			defaultConfigurationName = Release;
		};
		29DB2A4927CB9B6100240C1F /* Build configuration list for PBXNativeTarget "mySheduleDzUITests" */ = {
			isa = XCConfigurationList;
			buildConfigurations = (
				29DB2A4A27CB9B6100240C1F /* Debug */,
				29DB2A4B27CB9B6100240C1F /* Release */,
			);
			defaultConfigurationIsVisible = 0;
			defaultConfigurationName = Release;
		};
/* End XCConfigurationList section */
	};
	rootObject = 29DB2A1127CB9B5E00240C1F /* Project object */;
}
